<?xml version="1.0" encoding="utf-8"?>
<Project ToolsVersion="4.0" xmlns="http://schemas.microsoft.com/developer/msbuild/2003">
  <ItemGroup>
    <Filter Include="Source Files">
      <UniqueIdentifier>{4FC737F1-C7A5-4376-A066-2A32D752A2FF}</UniqueIdentifier>
      <Extensions>cpp;c;cc;cxx;c++;cppm;ixx;def;odl;idl;hpj;bat;asm;asmx</Extensions>
    </Filter>
    <Filter Include="Header Files">
      <UniqueIdentifier>{93995380-89BD-4b04-88EB-625FBE52EBFB}</UniqueIdentifier>
      <Extensions>h;hh;hpp;hxx;h++;hm;inl;inc;ipp;xsd</Extensions>
    </Filter>
    <Filter Include="Resource Files">
      <UniqueIdentifier>{67DA6AB6-F800-4c08-8B7A-83BB121AAD01}</UniqueIdentifier>
      <Extensions>rc;ico;cur;bmp;dlg;rc2;rct;bin;rgs;gif;jpg;jpeg;jpe;resx;tiff;tif;png;wav;mfcribbon-ms</Extensions>
    </Filter>
    <Filter Include="Source Files\Tut1Assignments">
      <UniqueIdentifier>{c5a1e9cd-a41a-4bec-a4a4-2df856df0189}</UniqueIdentifier>
    </Filter>
    <Filter Include="Source Files\OOPS">
      <UniqueIdentifier>{6c729fc7-697a-4f5d-b1b7-017dfc03742c}</UniqueIdentifier>
    </Filter>
  </ItemGroup>
  <ItemGroup>
    <ClCompile Include="Tutorial1.cpp">
      <Filter>Source Files</Filter>
    </ClCompile>
    <ClCompile Include="Assignment1.cpp">
      <Filter>Source Files\Tut1Assignments</Filter>
    </ClCompile>
    <ClCompile Include="color.cpp">
      <Filter>Source Files\Tut1Assignments</Filter>
    </ClCompile>
    <ClCompile Include="colorProgram.cpp">
      <Filter>Source Files\Tut1Assignments</Filter>
    </ClCompile>
    <ClCompile Include="pointers.cpp">
      <Filter>Source Files</Filter>
    </ClCompile>
    <ClCompile Include="references.cpp">
      <Filter>Source Files</Filter>
    </ClCompile>
    <ClCompile Include="arrays.cpp">
      <Filter>Source Files</Filter>
    </ClCompile>
    <ClCompile Include="integers.cpp">
      <Filter>Source Files</Filter>
    </ClCompile>
    <ClCompile Include="conditionals.cpp">
      <Filter>Source Files</Filter>
    </ClCompile>
    <ClCompile Include="ratingSystem.cpp">
      <Filter>Source Files</Filter>
    </ClCompile>
    <ClCompile Include="switch.cpp">
      <Filter>Source Files</Filter>
    </ClCompile>
    <ClCompile Include="loops.cpp">
      <Filter>Source Files</Filter>
    </ClCompile>
    <ClCompile Include="forloop.cpp">
      <Filter>Source Files</Filter>
    </ClCompile>
    <ClCompile Include="strings.cpp">
      <Filter>Source Files</Filter>
    </ClCompile>
    <ClCompile Include="floats.cpp">
      <Filter>Source Files</Filter>
    </ClCompile>
    <ClCompile Include="exceptions.cpp">
      <Filter>Source Files</Filter>
    </ClCompile>
    <ClCompile Include="functions.cpp">
      <Filter>Source Files</Filter>
    </ClCompile>
    <ClCompile Include="linkers.cpp">
      <Filter>Source Files</Filter>
    </ClCompile>
    <ClCompile Include="qualifiers.cpp">
      <Filter>Source Files</Filter>
    </ClCompile>
    <ClCompile Include="Operations.cpp">
      <Filter>Source Files</Filter>
    </ClCompile>
    <ClCompile Include="logicalOperators.cpp">
      <Filter>Source Files</Filter>
    </ClCompile>
    <ClCompile Include="bitwiseOperations.cpp">
      <Filter>Source Files</Filter>
    </ClCompile>
    <ClCompile Include="memoryLeaks.cpp">
      <Filter>Source Files</Filter>
    </ClCompile>
    <ClCompile Include="structures.cpp">
      <Filter>Source Files</Filter>
    </ClCompile>
    <ClCompile Include="enums.cpp">
      <Filter>Source Files</Filter>
    </ClCompile>
    <ClCompile Include="stronglyTyped.cpp">
      <Filter>Source Files</Filter>
    </ClCompile>
    <ClCompile Include="stackAndHeap.cpp">
      <Filter>Source Files</Filter>
    </ClCompile>
    <ClCompile Include="functions2.cpp">
      <Filter>Source Files</Filter>
    </ClCompile>
    <ClCompile Include="functions3.cpp">
      <Filter>Source Files</Filter>
    </ClCompile>
    <ClCompile Include="nullCpp.cpp">
      <Filter>Source Files</Filter>
    </ClCompile>
    <ClCompile Include="functions4.cpp">
      <Filter>Source Files</Filter>
    </ClCompile>
    <ClCompile Include="macros.cpp">
      <Filter>Source Files</Filter>
    </ClCompile>
    <ClCompile Include="variadic.cpp">
      <Filter>Source Files</Filter>
    </ClCompile>
    <ClCompile Include="oops.cpp">
      <Filter>Source Files\OOPS</Filter>
    </ClCompile>
    <ClCompile Include="oopsTwo.cpp">
      <Filter>Source Files\OOPS</Filter>
    </ClCompile>
    <ClCompile Include="oopsThree.cpp">
      <Filter>Source Files\OOPS</Filter>
    </ClCompile>
    <ClCompile Include="oopsFour.cpp">
      <Filter>Source Files\OOPS</Filter>
    </ClCompile>
  </ItemGroup>
  <ItemGroup>
    <ClInclude Include="main.h">
      <Filter>Header Files</Filter>
    </ClInclude>
    <ClInclude Include="adder.h">
      <Filter>Header Files</Filter>
    </ClInclude>
  </ItemGroup>
</Project>